
Microsoft Visual Studio Solution File, Format Version 12.00
# Visual Studio Version 17
VisualStudioVersion = 17.2.32630.192
MinimumVisualStudioVersion = 10.0.40219.1
Project("{9A19103F-16F7-4668-BE54-9A1E7A4F7556}") = "R5T.F0089", "R5T.F0089\R5T.F0089.csproj", "{9AC11944-E5B6-40C3-A8AC-EE1043DEB0BB}"
EndProject
Project("{2150E333-8FDC-42A3-9474-1A3956D46DE8}") = "_Dependencies", "_Dependencies", "{2482D501-2490-4C90-97B3-D5C4809641AF}"
EndProject
Project("{9A19103F-16F7-4668-BE54-9A1E7A4F7556}") = "R5T.F0000", "..\..\R5T.F0000\source\R5T.F0000\R5T.F0000.csproj", "{20D75BB5-128F-4003-A529-F9BFB22DF7C2}"
EndProject
Project("{9A19103F-16F7-4668-BE54-9A1E7A4F7556}") = "R5T.F0002", "..\..\R5T.F0002\source\R5T.F0002\R5T.F0002.csproj", "{944A505F-CB61-4F76-BE74-0B25A4E54D8C}"
EndProject
Project("{9A19103F-16F7-4668-BE54-9A1E7A4F7556}") = "R5T.F0019", "..\..\R5T.F0019\source\R5T.F0019\R5T.F0019.csproj", "{4324419A-A050-4AE0-A4B0-8E1F53F220EA}"
EndProject
Project("{9A19103F-16F7-4668-BE54-9A1E7A4F7556}") = "R5T.F0032", "..\..\R5T.F0032\source\R5T.F0032\R5T.F0032.csproj", "{3D7D7708-7A00-426E-B90A-810EC5596F69}"
EndProject
Project("{9A19103F-16F7-4668-BE54-9A1E7A4F7556}") = "R5T.F0040.F000", "..\..\R5T.F0040\source\R5T.F0040.F000\R5T.F0040.F000.csproj", "{650EF6DF-6688-4331-B492-0869F5AF104D}"
EndProject
Project("{9A19103F-16F7-4668-BE54-9A1E7A4F7556}") = "R5T.F0041", "..\..\R5T.F0041\source\R5T.F0041\R5T.F0041.csproj", "{37C0A991-8D82-4F37-A216-44BE59B66D01}"
EndProject
Project("{9A19103F-16F7-4668-BE54-9A1E7A4F7556}") = "R5T.F0044", "..\..\R5T.F0044\source\R5T.F0044\R5T.F0044.csproj", "{3C41D23B-AB0D-4990-B2AD-4F4B4BA1FD8A}"
EndProject
Project("{9A19103F-16F7-4668-BE54-9A1E7A4F7556}") = "R5T.F0046", "..\..\R5T.F0046\source\R5T.F0046\R5T.F0046.csproj", "{B69C2124-D1F6-4380-B33E-4129CADD6A1F}"
EndProject
Project("{9A19103F-16F7-4668-BE54-9A1E7A4F7556}") = "R5T.F0047", "..\..\R5T.F0047\source\R5T.F0047\R5T.F0047.csproj", "{982D6DC9-9282-4C15-A495-9341631CA5C4}"
EndProject
Project("{9A19103F-16F7-4668-BE54-9A1E7A4F7556}") = "R5T.F0048", "..\..\R5T.F0048\source\R5T.F0048\R5T.F0048.csproj", "{837E3A11-A475-4367-A615-12C1BCC7FC02}"
EndProject
Project("{9A19103F-16F7-4668-BE54-9A1E7A4F7556}") = "R5T.F0050", "..\..\R5T.F0050\source\R5T.F0050\R5T.F0050.csproj", "{9AF5CDB9-EEA5-4F68-B761-FE5E53B961CB}"
EndProject
Project("{9A19103F-16F7-4668-BE54-9A1E7A4F7556}") = "R5T.F0052", "..\..\R5T.F0052\source\R5T.F0052\R5T.F0052.csproj", "{5D969D82-E06C-4594-8E3A-765CA047F6EB}"
EndProject
Project("{9A19103F-16F7-4668-BE54-9A1E7A4F7556}") = "R5T.F0053", "..\..\R5T.F0053\source\R5T.F0053\R5T.F0053.csproj", "{C4FB718A-5F40-49D5-8FDF-EF314FC88AFD}"
EndProject
Project("{9A19103F-16F7-4668-BE54-9A1E7A4F7556}") = "R5T.F0054", "..\..\R5T.F0054\source\R5T.F0054\R5T.F0054.csproj", "{B8C566F7-C44A-4A89-8658-BB949018A090}"
EndProject
Project("{9A19103F-16F7-4668-BE54-9A1E7A4F7556}") = "R5T.F0055", "..\..\R5T.F0055\source\R5T.F0055\R5T.F0055.csproj", "{C0E27C2E-4B81-4CAC-A7D8-4A1154327E7D}"
EndProject
Project("{9A19103F-16F7-4668-BE54-9A1E7A4F7556}") = "R5T.F0057", "..\..\R5T.F0057\source\R5T.F0057\R5T.F0057.csproj", "{ED49F447-B8B7-4EF8-849A-D82B7FD7F43B}"
EndProject
Project("{9A19103F-16F7-4668-BE54-9A1E7A4F7556}") = "R5T.F0120", "..\..\R5T.F0120\source\R5T.F0120\R5T.F0120.csproj", "{40595FAF-EC00-49B3-9D92-76715F39351B}"
EndProject
Project("{9A19103F-16F7-4668-BE54-9A1E7A4F7556}") = "R5T.F0124", "..\..\R5T.F0124\source\R5T.F0124\R5T.F0124.csproj", "{1E3B4B05-6BA1-49ED-A5F0-34AF2F5C63A0}"
EndProject
Project("{9A19103F-16F7-4668-BE54-9A1E7A4F7556}") = "R5T.L0001.Y000", "..\..\R5T.L0001\source\R5T.L0001.Y000\R5T.L0001.Y000.csproj", "{4B1B1A54-54D2-4EBE-9757-929B69ED6A06}"
EndProject
Project("{9A19103F-16F7-4668-BE54-9A1E7A4F7556}") = "R5T.L0001.Z000", "..\..\R5T.L0001\source\R5T.L0001.Z000\R5T.L0001.Z000.csproj", "{ED70640E-0274-4E4F-BD37-8B848506C6FF}"
EndProject
Project("{9A19103F-16F7-4668-BE54-9A1E7A4F7556}") = "R5T.L0001", "..\..\R5T.L0001\source\R5T.L0001\R5T.L0001.csproj", "{73071BA0-D2C3-4BCC-8C5E-799BED557AB8}"
EndProject
Project("{9A19103F-16F7-4668-BE54-9A1E7A4F7556}") = "R5T.L0026.T000", "..\..\R5T.L0026\source\R5T.L0026.T000\R5T.L0026.T000.csproj", "{B2F6FECC-4AFF-46FB-9138-5FE96EDD5693}"
EndProject
Project("{9A19103F-16F7-4668-BE54-9A1E7A4F7556}") = "R5T.L0053", "..\..\R5T.L0053\source\R5T.L0053\R5T.L0053.csproj", "{C3CB7B4A-FDD8-4F23-9248-67736614B496}"
EndProject
Project("{9A19103F-16F7-4668-BE54-9A1E7A4F7556}") = "R5T.NG0005", "..\..\R5T.NG0005\source\R5T.NG0005\R5T.NG0005.csproj", "{CDBAF9BD-A339-4255-B365-9A5F7BF649B9}"
EndProject
Project("{9A19103F-16F7-4668-BE54-9A1E7A4F7556}") = "R5T.NG0006", "..\..\R5T.NG0006\source\R5T.NG0006\R5T.NG0006.csproj", "{0EC6DF2A-CC37-4783-B893-7F1CAA4DAE31}"
EndProject
Project("{9A19103F-16F7-4668-BE54-9A1E7A4F7556}") = "R5T.NG0008", "..\..\R5T.NG0008\source\R5T.NG0008\R5T.NG0008.csproj", "{93EC459A-D62A-4344-8964-E587614608E3}"
EndProject
Project("{9A19103F-16F7-4668-BE54-9A1E7A4F7556}") = "R5T.NG0022", "..\..\R5T.NG0022\source\R5T.NG0022\R5T.NG0022.csproj", "{5D46C63E-6FD6-4582-B40E-CE6BDF26793E}"
EndProject
Project("{9A19103F-16F7-4668-BE54-9A1E7A4F7556}") = "R5T.T0046", "..\..\R5T.T0046\source\R5T.T0046\R5T.T0046.csproj", "{08A5FF2B-BD6C-4494-9E2D-D7059218AD84}"
EndProject
Project("{9A19103F-16F7-4668-BE54-9A1E7A4F7556}") = "R5T.T0131", "..\..\R5T.T0131\source\R5T.T0131\R5T.T0131.csproj", "{DE3A97F2-C02A-4362-878E-4AD1C8D4D7D7}"
EndProject
Project("{9A19103F-16F7-4668-BE54-9A1E7A4F7556}") = "R5T.T0132", "..\..\R5T.T0132\source\R5T.T0132\R5T.T0132.csproj", "{BDD83927-D0FF-4D44-B1AA-FDB9AE6B967D}"
EndProject
Project("{9A19103F-16F7-4668-BE54-9A1E7A4F7556}") = "R5T.T0142", "..\..\R5T.T0142\source\R5T.T0142\R5T.T0142.csproj", "{539E796F-8475-49A5-A16A-96E322C802AE}"
EndProject
Project("{9A19103F-16F7-4668-BE54-9A1E7A4F7556}") = "R5T.T0143", "..\..\R5T.T0143\source\R5T.T0143\R5T.T0143.csproj", "{50390E56-56B1-4AB3-ABCC-12C53D89CDE4}"
EndProject
Project("{9A19103F-16F7-4668-BE54-9A1E7A4F7556}") = "R5T.T0144", "..\..\R5T.T0144\source\R5T.T0144\R5T.T0144.csproj", "{224CB41F-4B48-4648-BB7F-21758927E575}"
EndProject
Project("{9A19103F-16F7-4668-BE54-9A1E7A4F7556}") = "R5T.T0153", "..\..\R5T.T0153\source\R5T.T0153\R5T.T0153.csproj", "{561CD0FF-703C-41D0-9A65-23648EB0CAF8}"
EndProject
Project("{9A19103F-16F7-4668-BE54-9A1E7A4F7556}") = "R5T.T0156", "..\..\R5T.T0156\source\R5T.T0156\R5T.T0156.csproj", "{2AC76E61-EB12-4E71-A1A7-7D237E946933}"
EndProject
Project("{9A19103F-16F7-4668-BE54-9A1E7A4F7556}") = "R5T.T0174", "..\..\R5T.T0174\source\R5T.T0174\R5T.T0174.csproj", "{7E38AD12-0922-4E8E-AD17-B9E2E7E814D5}"
EndProject
Project("{9A19103F-16F7-4668-BE54-9A1E7A4F7556}") = "R5T.T0176", "..\..\R5T.T0176\source\R5T.T0176\R5T.T0176.csproj", "{8CC85711-2084-471A-9BD4-29A2FCEB8B36}"
EndProject
Project("{9A19103F-16F7-4668-BE54-9A1E7A4F7556}") = "R5T.T0177", "..\..\R5T.T0177\source\R5T.T0177\R5T.T0177.csproj", "{C225203E-BD6E-45D6-BFB6-8159FADA7E25}"
EndProject
Project("{9A19103F-16F7-4668-BE54-9A1E7A4F7556}") = "R5T.T0178", "..\..\R5T.T0178\source\R5T.T0178\R5T.T0178.csproj", "{D837FF48-FD25-4174-9E8A-F9941BBC6A61}"
EndProject
Project("{9A19103F-16F7-4668-BE54-9A1E7A4F7556}") = "R5T.T0179", "..\..\R5T.T0179\source\R5T.T0179\R5T.T0179.csproj", "{404E53FD-B919-460B-9A8E-AF23FB65D346}"
EndProject
Project("{9A19103F-16F7-4668-BE54-9A1E7A4F7556}") = "R5T.T0180", "..\..\R5T.T0180\source\R5T.T0180\R5T.T0180.csproj", "{21584955-E792-408A-8485-61066B14EF8E}"
EndProject
Project("{9A19103F-16F7-4668-BE54-9A1E7A4F7556}") = "R5T.T0181", "..\..\R5T.T0181\source\R5T.T0181\R5T.T0181.csproj", "{6E65CCA4-0D0A-4431-9D8F-603819D6F552}"
EndProject
Project("{9A19103F-16F7-4668-BE54-9A1E7A4F7556}") = "R5T.T0185", "..\..\R5T.T0185\source\R5T.T0185\R5T.T0185.csproj", "{41883974-0BA7-41EF-866D-F37EC7A3C2CC}"
EndProject
Project("{9A19103F-16F7-4668-BE54-9A1E7A4F7556}") = "R5T.T0199", "..\..\R5T.T0199\source\R5T.T0199\R5T.T0199.csproj", "{A88A70CF-E761-48BE-B6FB-C528014D54E4}"
EndProject
Project("{9A19103F-16F7-4668-BE54-9A1E7A4F7556}") = "R5T.T0209", "..\..\R5T.T0209\source\R5T.T0209\R5T.T0209.csproj", "{CD2D91B0-717C-4A93-AC96-F3AE0CC95FCE}"
EndProject
Project("{9A19103F-16F7-4668-BE54-9A1E7A4F7556}") = "R5T.T0220", "..\..\R5T.T0220\source\R5T.T0220\R5T.T0220.csproj", "{14F60E86-7095-47EB-B05D-BD416E2C4ED5}"
EndProject
Project("{9A19103F-16F7-4668-BE54-9A1E7A4F7556}") = "R5T.T0221", "..\..\R5T.T0221\source\R5T.T0221\R5T.T0221.csproj", "{80FAE570-851A-4D18-A845-E52EB9A366FF}"
EndProject
Project("{9A19103F-16F7-4668-BE54-9A1E7A4F7556}") = "R5T.Y0000", "..\..\R5T.Y0000\source\R5T.Y0000\R5T.Y0000.csproj", "{0A4E939C-8381-4279-82FF-3735DEFE5772}"
EndProject
Project("{9A19103F-16F7-4668-BE54-9A1E7A4F7556}") = "R5T.Y0004", "..\..\R5T.Y0004\source\R5T.Y0004\R5T.Y0004.csproj", "{746D2949-9FF9-4C23-A34E-F59E491CAE01}"
EndProject
Project("{9A19103F-16F7-4668-BE54-9A1E7A4F7556}") = "R5T.Z0000", "..\..\R5T.Z0000\source\R5T.Z0000\R5T.Z0000.csproj", "{7C7E5971-33C0-4EF7-BEE8-2CAA0DF7D0F9}"
EndProject
Project("{9A19103F-16F7-4668-BE54-9A1E7A4F7556}") = "R5T.Z0005", "..\..\R5T.Z0005\source\R5T.Z0005\R5T.Z0005.csproj", "{157E1B93-CCB9-497F-B4FB-166456476CA3}"
EndProject
Project("{9A19103F-16F7-4668-BE54-9A1E7A4F7556}") = "R5T.Z0007", "..\..\R5T.Z0007\source\R5T.Z0007\R5T.Z0007.csproj", "{DC1DE634-00B1-49EF-8F91-E0A15C812DA0}"
EndProject
Project("{9A19103F-16F7-4668-BE54-9A1E7A4F7556}") = "R5T.Z0010.Platform", "..\..\R5T.Z0010\source\R5T.Z0010.Platform\R5T.Z0010.Platform.csproj", "{ED826943-8A96-48C4-8341-03D0C00D087B}"
EndProject
Project("{9A19103F-16F7-4668-BE54-9A1E7A4F7556}") = "R5T.Z0013", "..\..\R5T.Z0013\source\R5T.Z0013\R5T.Z0013.csproj", "{760F9228-5E38-4DBC-B54E-E90D66692AA1}"
EndProject
Global
	GlobalSection(NestedProjects) = preSolution
		{20D75BB5-128F-4003-A529-F9BFB22DF7C2} = {2482D501-2490-4C90-97B3-D5C4809641AF}
		{944A505F-CB61-4F76-BE74-0B25A4E54D8C} = {2482D501-2490-4C90-97B3-D5C4809641AF}
		{4324419A-A050-4AE0-A4B0-8E1F53F220EA} = {2482D501-2490-4C90-97B3-D5C4809641AF}
		{3D7D7708-7A00-426E-B90A-810EC5596F69} = {2482D501-2490-4C90-97B3-D5C4809641AF}
		{650EF6DF-6688-4331-B492-0869F5AF104D} = {2482D501-2490-4C90-97B3-D5C4809641AF}
		{37C0A991-8D82-4F37-A216-44BE59B66D01} = {2482D501-2490-4C90-97B3-D5C4809641AF}
		{3C41D23B-AB0D-4990-B2AD-4F4B4BA1FD8A} = {2482D501-2490-4C90-97B3-D5C4809641AF}
		{B69C2124-D1F6-4380-B33E-4129CADD6A1F} = {2482D501-2490-4C90-97B3-D5C4809641AF}
		{982D6DC9-9282-4C15-A495-9341631CA5C4} = {2482D501-2490-4C90-97B3-D5C4809641AF}
		{837E3A11-A475-4367-A615-12C1BCC7FC02} = {2482D501-2490-4C90-97B3-D5C4809641AF}
		{9AF5CDB9-EEA5-4F68-B761-FE5E53B961CB} = {2482D501-2490-4C90-97B3-D5C4809641AF}
		{5D969D82-E06C-4594-8E3A-765CA047F6EB} = {2482D501-2490-4C90-97B3-D5C4809641AF}
		{C4FB718A-5F40-49D5-8FDF-EF314FC88AFD} = {2482D501-2490-4C90-97B3-D5C4809641AF}
		{B8C566F7-C44A-4A89-8658-BB949018A090} = {2482D501-2490-4C90-97B3-D5C4809641AF}
		{C0E27C2E-4B81-4CAC-A7D8-4A1154327E7D} = {2482D501-2490-4C90-97B3-D5C4809641AF}
		{ED49F447-B8B7-4EF8-849A-D82B7FD7F43B} = {2482D501-2490-4C90-97B3-D5C4809641AF}
		{40595FAF-EC00-49B3-9D92-76715F39351B} = {2482D501-2490-4C90-97B3-D5C4809641AF}
		{1E3B4B05-6BA1-49ED-A5F0-34AF2F5C63A0} = {2482D501-2490-4C90-97B3-D5C4809641AF}
		{4B1B1A54-54D2-4EBE-9757-929B69ED6A06} = {2482D501-2490-4C90-97B3-D5C4809641AF}
		{ED70640E-0274-4E4F-BD37-8B848506C6FF} = {2482D501-2490-4C90-97B3-D5C4809641AF}
		{73071BA0-D2C3-4BCC-8C5E-799BED557AB8} = {2482D501-2490-4C90-97B3-D5C4809641AF}
		{B2F6FECC-4AFF-46FB-9138-5FE96EDD5693} = {2482D501-2490-4C90-97B3-D5C4809641AF}
		{C3CB7B4A-FDD8-4F23-9248-67736614B496} = {2482D501-2490-4C90-97B3-D5C4809641AF}
		{CDBAF9BD-A339-4255-B365-9A5F7BF649B9} = {2482D501-2490-4C90-97B3-D5C4809641AF}
		{0EC6DF2A-CC37-4783-B893-7F1CAA4DAE31} = {2482D501-2490-4C90-97B3-D5C4809641AF}
		{93EC459A-D62A-4344-8964-E587614608E3} = {2482D501-2490-4C90-97B3-D5C4809641AF}
		{5D46C63E-6FD6-4582-B40E-CE6BDF26793E} = {2482D501-2490-4C90-97B3-D5C4809641AF}
		{08A5FF2B-BD6C-4494-9E2D-D7059218AD84} = {2482D501-2490-4C90-97B3-D5C4809641AF}
		{DE3A97F2-C02A-4362-878E-4AD1C8D4D7D7} = {2482D501-2490-4C90-97B3-D5C4809641AF}
		{BDD83927-D0FF-4D44-B1AA-FDB9AE6B967D} = {2482D501-2490-4C90-97B3-D5C4809641AF}
		{539E796F-8475-49A5-A16A-96E322C802AE} = {2482D501-2490-4C90-97B3-D5C4809641AF}
		{50390E56-56B1-4AB3-ABCC-12C53D89CDE4} = {2482D501-2490-4C90-97B3-D5C4809641AF}
		{224CB41F-4B48-4648-BB7F-21758927E575} = {2482D501-2490-4C90-97B3-D5C4809641AF}
		{561CD0FF-703C-41D0-9A65-23648EB0CAF8} = {2482D501-2490-4C90-97B3-D5C4809641AF}
		{2AC76E61-EB12-4E71-A1A7-7D237E946933} = {2482D501-2490-4C90-97B3-D5C4809641AF}
		{7E38AD12-0922-4E8E-AD17-B9E2E7E814D5} = {2482D501-2490-4C90-97B3-D5C4809641AF}
		{8CC85711-2084-471A-9BD4-29A2FCEB8B36} = {2482D501-2490-4C90-97B3-D5C4809641AF}
		{C225203E-BD6E-45D6-BFB6-8159FADA7E25} = {2482D501-2490-4C90-97B3-D5C4809641AF}
		{D837FF48-FD25-4174-9E8A-F9941BBC6A61} = {2482D501-2490-4C90-97B3-D5C4809641AF}
		{404E53FD-B919-460B-9A8E-AF23FB65D346} = {2482D501-2490-4C90-97B3-D5C4809641AF}
		{21584955-E792-408A-8485-61066B14EF8E} = {2482D501-2490-4C90-97B3-D5C4809641AF}
		{6E65CCA4-0D0A-4431-9D8F-603819D6F552} = {2482D501-2490-4C90-97B3-D5C4809641AF}
		{41883974-0BA7-41EF-866D-F37EC7A3C2CC} = {2482D501-2490-4C90-97B3-D5C4809641AF}
		{A88A70CF-E761-48BE-B6FB-C528014D54E4} = {2482D501-2490-4C90-97B3-D5C4809641AF}
		{CD2D91B0-717C-4A93-AC96-F3AE0CC95FCE} = {2482D501-2490-4C90-97B3-D5C4809641AF}
		{14F60E86-7095-47EB-B05D-BD416E2C4ED5} = {2482D501-2490-4C90-97B3-D5C4809641AF}
		{80FAE570-851A-4D18-A845-E52EB9A366FF} = {2482D501-2490-4C90-97B3-D5C4809641AF}
		{0A4E939C-8381-4279-82FF-3735DEFE5772} = {2482D501-2490-4C90-97B3-D5C4809641AF}
		{746D2949-9FF9-4C23-A34E-F59E491CAE01} = {2482D501-2490-4C90-97B3-D5C4809641AF}
		{7C7E5971-33C0-4EF7-BEE8-2CAA0DF7D0F9} = {2482D501-2490-4C90-97B3-D5C4809641AF}
		{157E1B93-CCB9-497F-B4FB-166456476CA3} = {2482D501-2490-4C90-97B3-D5C4809641AF}
		{DC1DE634-00B1-49EF-8F91-E0A15C812DA0} = {2482D501-2490-4C90-97B3-D5C4809641AF}
		{ED826943-8A96-48C4-8341-03D0C00D087B} = {2482D501-2490-4C90-97B3-D5C4809641AF}
		{760F9228-5E38-4DBC-B54E-E90D66692AA1} = {2482D501-2490-4C90-97B3-D5C4809641AF}
	EndGlobalSection
	GlobalSection(SolutionConfigurationPlatforms) = preSolution
		Debug|Any CPU = Debug|Any CPU
		Release|Any CPU = Release|Any CPU
	EndGlobalSection
	GlobalSection(ProjectConfigurationPlatforms) = postSolution
		{9AC11944-E5B6-40C3-A8AC-EE1043DEB0BB}.Debug|Any CPU.ActiveCfg = Debug|Any CPU
		{9AC11944-E5B6-40C3-A8AC-EE1043DEB0BB}.Debug|Any CPU.Build.0 = Debug|Any CPU
		{9AC11944-E5B6-40C3-A8AC-EE1043DEB0BB}.Release|Any CPU.ActiveCfg = Release|Any CPU
		{9AC11944-E5B6-40C3-A8AC-EE1043DEB0BB}.Release|Any CPU.Build.0 = Release|Any CPU
		{20D75BB5-128F-4003-A529-F9BFB22DF7C2}.Debug|Any CPU.ActiveCfg = Debug|Any CPU
		{20D75BB5-128F-4003-A529-F9BFB22DF7C2}.Debug|Any CPU.Build.0 = Debug|Any CPU
		{20D75BB5-128F-4003-A529-F9BFB22DF7C2}.Release|Any CPU.ActiveCfg = Release|Any CPU
		{20D75BB5-128F-4003-A529-F9BFB22DF7C2}.Release|Any CPU.Build.0 = Release|Any CPU
		{944A505F-CB61-4F76-BE74-0B25A4E54D8C}.Debug|Any CPU.ActiveCfg = Debug|Any CPU
		{944A505F-CB61-4F76-BE74-0B25A4E54D8C}.Debug|Any CPU.Build.0 = Debug|Any CPU
		{944A505F-CB61-4F76-BE74-0B25A4E54D8C}.Release|Any CPU.ActiveCfg = Release|Any CPU
		{944A505F-CB61-4F76-BE74-0B25A4E54D8C}.Release|Any CPU.Build.0 = Release|Any CPU
		{4324419A-A050-4AE0-A4B0-8E1F53F220EA}.Debug|Any CPU.ActiveCfg = Debug|Any CPU
		{4324419A-A050-4AE0-A4B0-8E1F53F220EA}.Debug|Any CPU.Build.0 = Debug|Any CPU
		{4324419A-A050-4AE0-A4B0-8E1F53F220EA}.Release|Any CPU.ActiveCfg = Release|Any CPU
		{4324419A-A050-4AE0-A4B0-8E1F53F220EA}.Release|Any CPU.Build.0 = Release|Any CPU
		{3D7D7708-7A00-426E-B90A-810EC5596F69}.Debug|Any CPU.ActiveCfg = Debug|Any CPU
		{3D7D7708-7A00-426E-B90A-810EC5596F69}.Debug|Any CPU.Build.0 = Debug|Any CPU
		{3D7D7708-7A00-426E-B90A-810EC5596F69}.Release|Any CPU.ActiveCfg = Release|Any CPU
		{3D7D7708-7A00-426E-B90A-810EC5596F69}.Release|Any CPU.Build.0 = Release|Any CPU
		{650EF6DF-6688-4331-B492-0869F5AF104D}.Debug|Any CPU.ActiveCfg = Debug|Any CPU
		{650EF6DF-6688-4331-B492-0869F5AF104D}.Debug|Any CPU.Build.0 = Debug|Any CPU
		{650EF6DF-6688-4331-B492-0869F5AF104D}.Release|Any CPU.ActiveCfg = Release|Any CPU
		{650EF6DF-6688-4331-B492-0869F5AF104D}.Release|Any CPU.Build.0 = Release|Any CPU
		{37C0A991-8D82-4F37-A216-44BE59B66D01}.Debug|Any CPU.ActiveCfg = Debug|Any CPU
		{37C0A991-8D82-4F37-A216-44BE59B66D01}.Debug|Any CPU.Build.0 = Debug|Any CPU
		{37C0A991-8D82-4F37-A216-44BE59B66D01}.Release|Any CPU.ActiveCfg = Release|Any CPU
		{37C0A991-8D82-4F37-A216-44BE59B66D01}.Release|Any CPU.Build.0 = Release|Any CPU
		{3C41D23B-AB0D-4990-B2AD-4F4B4BA1FD8A}.Debug|Any CPU.ActiveCfg = Debug|Any CPU
		{3C41D23B-AB0D-4990-B2AD-4F4B4BA1FD8A}.Debug|Any CPU.Build.0 = Debug|Any CPU
		{3C41D23B-AB0D-4990-B2AD-4F4B4BA1FD8A}.Release|Any CPU.ActiveCfg = Release|Any CPU
		{3C41D23B-AB0D-4990-B2AD-4F4B4BA1FD8A}.Release|Any CPU.Build.0 = Release|Any CPU
		{B69C2124-D1F6-4380-B33E-4129CADD6A1F}.Debug|Any CPU.ActiveCfg = Debug|Any CPU
		{B69C2124-D1F6-4380-B33E-4129CADD6A1F}.Debug|Any CPU.Build.0 = Debug|Any CPU
		{B69C2124-D1F6-4380-B33E-4129CADD6A1F}.Release|Any CPU.ActiveCfg = Release|Any CPU
		{B69C2124-D1F6-4380-B33E-4129CADD6A1F}.Release|Any CPU.Build.0 = Release|Any CPU
		{982D6DC9-9282-4C15-A495-9341631CA5C4}.Debug|Any CPU.ActiveCfg = Debug|Any CPU
		{982D6DC9-9282-4C15-A495-9341631CA5C4}.Debug|Any CPU.Build.0 = Debug|Any CPU
		{982D6DC9-9282-4C15-A495-9341631CA5C4}.Release|Any CPU.ActiveCfg = Release|Any CPU
		{982D6DC9-9282-4C15-A495-9341631CA5C4}.Release|Any CPU.Build.0 = Release|Any CPU
		{837E3A11-A475-4367-A615-12C1BCC7FC02}.Debug|Any CPU.ActiveCfg = Debug|Any CPU
		{837E3A11-A475-4367-A615-12C1BCC7FC02}.Debug|Any CPU.Build.0 = Debug|Any CPU
		{837E3A11-A475-4367-A615-12C1BCC7FC02}.Release|Any CPU.ActiveCfg = Release|Any CPU
		{837E3A11-A475-4367-A615-12C1BCC7FC02}.Release|Any CPU.Build.0 = Release|Any CPU
		{9AF5CDB9-EEA5-4F68-B761-FE5E53B961CB}.Debug|Any CPU.ActiveCfg = Debug|Any CPU
		{9AF5CDB9-EEA5-4F68-B761-FE5E53B961CB}.Debug|Any CPU.Build.0 = Debug|Any CPU
		{9AF5CDB9-EEA5-4F68-B761-FE5E53B961CB}.Release|Any CPU.ActiveCfg = Release|Any CPU
		{9AF5CDB9-EEA5-4F68-B761-FE5E53B961CB}.Release|Any CPU.Build.0 = Release|Any CPU
		{5D969D82-E06C-4594-8E3A-765CA047F6EB}.Debug|Any CPU.ActiveCfg = Debug|Any CPU
		{5D969D82-E06C-4594-8E3A-765CA047F6EB}.Debug|Any CPU.Build.0 = Debug|Any CPU
		{5D969D82-E06C-4594-8E3A-765CA047F6EB}.Release|Any CPU.ActiveCfg = Release|Any CPU
		{5D969D82-E06C-4594-8E3A-765CA047F6EB}.Release|Any CPU.Build.0 = Release|Any CPU
		{C4FB718A-5F40-49D5-8FDF-EF314FC88AFD}.Debug|Any CPU.ActiveCfg = Debug|Any CPU
		{C4FB718A-5F40-49D5-8FDF-EF314FC88AFD}.Debug|Any CPU.Build.0 = Debug|Any CPU
		{C4FB718A-5F40-49D5-8FDF-EF314FC88AFD}.Release|Any CPU.ActiveCfg = Release|Any CPU
		{C4FB718A-5F40-49D5-8FDF-EF314FC88AFD}.Release|Any CPU.Build.0 = Release|Any CPU
		{B8C566F7-C44A-4A89-8658-BB949018A090}.Debug|Any CPU.ActiveCfg = Debug|Any CPU
		{B8C566F7-C44A-4A89-8658-BB949018A090}.Debug|Any CPU.Build.0 = Debug|Any CPU
		{B8C566F7-C44A-4A89-8658-BB949018A090}.Release|Any CPU.ActiveCfg = Release|Any CPU
		{B8C566F7-C44A-4A89-8658-BB949018A090}.Release|Any CPU.Build.0 = Release|Any CPU
		{C0E27C2E-4B81-4CAC-A7D8-4A1154327E7D}.Debug|Any CPU.ActiveCfg = Debug|Any CPU
		{C0E27C2E-4B81-4CAC-A7D8-4A1154327E7D}.Debug|Any CPU.Build.0 = Debug|Any CPU
		{C0E27C2E-4B81-4CAC-A7D8-4A1154327E7D}.Release|Any CPU.ActiveCfg = Release|Any CPU
		{C0E27C2E-4B81-4CAC-A7D8-4A1154327E7D}.Release|Any CPU.Build.0 = Release|Any CPU
		{ED49F447-B8B7-4EF8-849A-D82B7FD7F43B}.Debug|Any CPU.ActiveCfg = Debug|Any CPU
		{ED49F447-B8B7-4EF8-849A-D82B7FD7F43B}.Debug|Any CPU.Build.0 = Debug|Any CPU
		{ED49F447-B8B7-4EF8-849A-D82B7FD7F43B}.Release|Any CPU.ActiveCfg = Release|Any CPU
		{ED49F447-B8B7-4EF8-849A-D82B7FD7F43B}.Release|Any CPU.Build.0 = Release|Any CPU
		{40595FAF-EC00-49B3-9D92-76715F39351B}.Debug|Any CPU.ActiveCfg = Debug|Any CPU
		{40595FAF-EC00-49B3-9D92-76715F39351B}.Debug|Any CPU.Build.0 = Debug|Any CPU
		{40595FAF-EC00-49B3-9D92-76715F39351B}.Release|Any CPU.ActiveCfg = Release|Any CPU
		{40595FAF-EC00-49B3-9D92-76715F39351B}.Release|Any CPU.Build.0 = Release|Any CPU
		{1E3B4B05-6BA1-49ED-A5F0-34AF2F5C63A0}.Debug|Any CPU.ActiveCfg = Debug|Any CPU
		{1E3B4B05-6BA1-49ED-A5F0-34AF2F5C63A0}.Debug|Any CPU.Build.0 = Debug|Any CPU
		{1E3B4B05-6BA1-49ED-A5F0-34AF2F5C63A0}.Release|Any CPU.ActiveCfg = Release|Any CPU
		{1E3B4B05-6BA1-49ED-A5F0-34AF2F5C63A0}.Release|Any CPU.Build.0 = Release|Any CPU
		{4B1B1A54-54D2-4EBE-9757-929B69ED6A06}.Debug|Any CPU.ActiveCfg = Debug|Any CPU
		{4B1B1A54-54D2-4EBE-9757-929B69ED6A06}.Debug|Any CPU.Build.0 = Debug|Any CPU
		{4B1B1A54-54D2-4EBE-9757-929B69ED6A06}.Release|Any CPU.ActiveCfg = Release|Any CPU
		{4B1B1A54-54D2-4EBE-9757-929B69ED6A06}.Release|Any CPU.Build.0 = Release|Any CPU
		{ED70640E-0274-4E4F-BD37-8B848506C6FF}.Debug|Any CPU.ActiveCfg = Debug|Any CPU
		{ED70640E-0274-4E4F-BD37-8B848506C6FF}.Debug|Any CPU.Build.0 = Debug|Any CPU
		{ED70640E-0274-4E4F-BD37-8B848506C6FF}.Release|Any CPU.ActiveCfg = Release|Any CPU
		{ED70640E-0274-4E4F-BD37-8B848506C6FF}.Release|Any CPU.Build.0 = Release|Any CPU
		{73071BA0-D2C3-4BCC-8C5E-799BED557AB8}.Debug|Any CPU.ActiveCfg = Debug|Any CPU
		{73071BA0-D2C3-4BCC-8C5E-799BED557AB8}.Debug|Any CPU.Build.0 = Debug|Any CPU
		{73071BA0-D2C3-4BCC-8C5E-799BED557AB8}.Release|Any CPU.ActiveCfg = Release|Any CPU
		{73071BA0-D2C3-4BCC-8C5E-799BED557AB8}.Release|Any CPU.Build.0 = Release|Any CPU
		{B2F6FECC-4AFF-46FB-9138-5FE96EDD5693}.Debug|Any CPU.ActiveCfg = Debug|Any CPU
		{B2F6FECC-4AFF-46FB-9138-5FE96EDD5693}.Debug|Any CPU.Build.0 = Debug|Any CPU
		{B2F6FECC-4AFF-46FB-9138-5FE96EDD5693}.Release|Any CPU.ActiveCfg = Release|Any CPU
		{B2F6FECC-4AFF-46FB-9138-5FE96EDD5693}.Release|Any CPU.Build.0 = Release|Any CPU
		{C3CB7B4A-FDD8-4F23-9248-67736614B496}.Debug|Any CPU.ActiveCfg = Debug|Any CPU
		{C3CB7B4A-FDD8-4F23-9248-67736614B496}.Debug|Any CPU.Build.0 = Debug|Any CPU
		{C3CB7B4A-FDD8-4F23-9248-67736614B496}.Release|Any CPU.ActiveCfg = Release|Any CPU
		{C3CB7B4A-FDD8-4F23-9248-67736614B496}.Release|Any CPU.Build.0 = Release|Any CPU
		{CDBAF9BD-A339-4255-B365-9A5F7BF649B9}.Debug|Any CPU.ActiveCfg = Debug|Any CPU
		{CDBAF9BD-A339-4255-B365-9A5F7BF649B9}.Debug|Any CPU.Build.0 = Debug|Any CPU
		{CDBAF9BD-A339-4255-B365-9A5F7BF649B9}.Release|Any CPU.ActiveCfg = Release|Any CPU
		{CDBAF9BD-A339-4255-B365-9A5F7BF649B9}.Release|Any CPU.Build.0 = Release|Any CPU
		{0EC6DF2A-CC37-4783-B893-7F1CAA4DAE31}.Debug|Any CPU.ActiveCfg = Debug|Any CPU
		{0EC6DF2A-CC37-4783-B893-7F1CAA4DAE31}.Debug|Any CPU.Build.0 = Debug|Any CPU
		{0EC6DF2A-CC37-4783-B893-7F1CAA4DAE31}.Release|Any CPU.ActiveCfg = Release|Any CPU
		{0EC6DF2A-CC37-4783-B893-7F1CAA4DAE31}.Release|Any CPU.Build.0 = Release|Any CPU
		{93EC459A-D62A-4344-8964-E587614608E3}.Debug|Any CPU.ActiveCfg = Debug|Any CPU
		{93EC459A-D62A-4344-8964-E587614608E3}.Debug|Any CPU.Build.0 = Debug|Any CPU
		{93EC459A-D62A-4344-8964-E587614608E3}.Release|Any CPU.ActiveCfg = Release|Any CPU
		{93EC459A-D62A-4344-8964-E587614608E3}.Release|Any CPU.Build.0 = Release|Any CPU
		{5D46C63E-6FD6-4582-B40E-CE6BDF26793E}.Debug|Any CPU.ActiveCfg = Debug|Any CPU
		{5D46C63E-6FD6-4582-B40E-CE6BDF26793E}.Debug|Any CPU.Build.0 = Debug|Any CPU
		{5D46C63E-6FD6-4582-B40E-CE6BDF26793E}.Release|Any CPU.ActiveCfg = Release|Any CPU
		{5D46C63E-6FD6-4582-B40E-CE6BDF26793E}.Release|Any CPU.Build.0 = Release|Any CPU
		{08A5FF2B-BD6C-4494-9E2D-D7059218AD84}.Debug|Any CPU.ActiveCfg = Debug|Any CPU
		{08A5FF2B-BD6C-4494-9E2D-D7059218AD84}.Debug|Any CPU.Build.0 = Debug|Any CPU
		{08A5FF2B-BD6C-4494-9E2D-D7059218AD84}.Release|Any CPU.ActiveCfg = Release|Any CPU
		{08A5FF2B-BD6C-4494-9E2D-D7059218AD84}.Release|Any CPU.Build.0 = Release|Any CPU
		{DE3A97F2-C02A-4362-878E-4AD1C8D4D7D7}.Debug|Any CPU.ActiveCfg = Debug|Any CPU
		{DE3A97F2-C02A-4362-878E-4AD1C8D4D7D7}.Debug|Any CPU.Build.0 = Debug|Any CPU
		{DE3A97F2-C02A-4362-878E-4AD1C8D4D7D7}.Release|Any CPU.ActiveCfg = Release|Any CPU
		{DE3A97F2-C02A-4362-878E-4AD1C8D4D7D7}.Release|Any CPU.Build.0 = Release|Any CPU
		{BDD83927-D0FF-4D44-B1AA-FDB9AE6B967D}.Debug|Any CPU.ActiveCfg = Debug|Any CPU
		{BDD83927-D0FF-4D44-B1AA-FDB9AE6B967D}.Debug|Any CPU.Build.0 = Debug|Any CPU
		{BDD83927-D0FF-4D44-B1AA-FDB9AE6B967D}.Release|Any CPU.ActiveCfg = Release|Any CPU
		{BDD83927-D0FF-4D44-B1AA-FDB9AE6B967D}.Release|Any CPU.Build.0 = Release|Any CPU
		{539E796F-8475-49A5-A16A-96E322C802AE}.Debug|Any CPU.ActiveCfg = Debug|Any CPU
		{539E796F-8475-49A5-A16A-96E322C802AE}.Debug|Any CPU.Build.0 = Debug|Any CPU
		{539E796F-8475-49A5-A16A-96E322C802AE}.Release|Any CPU.ActiveCfg = Release|Any CPU
		{539E796F-8475-49A5-A16A-96E322C802AE}.Release|Any CPU.Build.0 = Release|Any CPU
		{50390E56-56B1-4AB3-ABCC-12C53D89CDE4}.Debug|Any CPU.ActiveCfg = Debug|Any CPU
		{50390E56-56B1-4AB3-ABCC-12C53D89CDE4}.Debug|Any CPU.Build.0 = Debug|Any CPU
		{50390E56-56B1-4AB3-ABCC-12C53D89CDE4}.Release|Any CPU.ActiveCfg = Release|Any CPU
		{50390E56-56B1-4AB3-ABCC-12C53D89CDE4}.Release|Any CPU.Build.0 = Release|Any CPU
		{224CB41F-4B48-4648-BB7F-21758927E575}.Debug|Any CPU.ActiveCfg = Debug|Any CPU
		{224CB41F-4B48-4648-BB7F-21758927E575}.Debug|Any CPU.Build.0 = Debug|Any CPU
		{224CB41F-4B48-4648-BB7F-21758927E575}.Release|Any CPU.ActiveCfg = Release|Any CPU
		{224CB41F-4B48-4648-BB7F-21758927E575}.Release|Any CPU.Build.0 = Release|Any CPU
		{561CD0FF-703C-41D0-9A65-23648EB0CAF8}.Debug|Any CPU.ActiveCfg = Debug|Any CPU
		{561CD0FF-703C-41D0-9A65-23648EB0CAF8}.Debug|Any CPU.Build.0 = Debug|Any CPU
		{561CD0FF-703C-41D0-9A65-23648EB0CAF8}.Release|Any CPU.ActiveCfg = Release|Any CPU
		{561CD0FF-703C-41D0-9A65-23648EB0CAF8}.Release|Any CPU.Build.0 = Release|Any CPU
		{2AC76E61-EB12-4E71-A1A7-7D237E946933}.Debug|Any CPU.ActiveCfg = Debug|Any CPU
		{2AC76E61-EB12-4E71-A1A7-7D237E946933}.Debug|Any CPU.Build.0 = Debug|Any CPU
		{2AC76E61-EB12-4E71-A1A7-7D237E946933}.Release|Any CPU.ActiveCfg = Release|Any CPU
		{2AC76E61-EB12-4E71-A1A7-7D237E946933}.Release|Any CPU.Build.0 = Release|Any CPU
		{7E38AD12-0922-4E8E-AD17-B9E2E7E814D5}.Debug|Any CPU.ActiveCfg = Debug|Any CPU
		{7E38AD12-0922-4E8E-AD17-B9E2E7E814D5}.Debug|Any CPU.Build.0 = Debug|Any CPU
		{7E38AD12-0922-4E8E-AD17-B9E2E7E814D5}.Release|Any CPU.ActiveCfg = Release|Any CPU
		{7E38AD12-0922-4E8E-AD17-B9E2E7E814D5}.Release|Any CPU.Build.0 = Release|Any CPU
		{8CC85711-2084-471A-9BD4-29A2FCEB8B36}.Debug|Any CPU.ActiveCfg = Debug|Any CPU
		{8CC85711-2084-471A-9BD4-29A2FCEB8B36}.Debug|Any CPU.Build.0 = Debug|Any CPU
		{8CC85711-2084-471A-9BD4-29A2FCEB8B36}.Release|Any CPU.ActiveCfg = Release|Any CPU
		{8CC85711-2084-471A-9BD4-29A2FCEB8B36}.Release|Any CPU.Build.0 = Release|Any CPU
		{C225203E-BD6E-45D6-BFB6-8159FADA7E25}.Debug|Any CPU.ActiveCfg = Debug|Any CPU
		{C225203E-BD6E-45D6-BFB6-8159FADA7E25}.Debug|Any CPU.Build.0 = Debug|Any CPU
		{C225203E-BD6E-45D6-BFB6-8159FADA7E25}.Release|Any CPU.ActiveCfg = Release|Any CPU
		{C225203E-BD6E-45D6-BFB6-8159FADA7E25}.Release|Any CPU.Build.0 = Release|Any CPU
		{D837FF48-FD25-4174-9E8A-F9941BBC6A61}.Debug|Any CPU.ActiveCfg = Debug|Any CPU
		{D837FF48-FD25-4174-9E8A-F9941BBC6A61}.Debug|Any CPU.Build.0 = Debug|Any CPU
		{D837FF48-FD25-4174-9E8A-F9941BBC6A61}.Release|Any CPU.ActiveCfg = Release|Any CPU
		{D837FF48-FD25-4174-9E8A-F9941BBC6A61}.Release|Any CPU.Build.0 = Release|Any CPU
		{404E53FD-B919-460B-9A8E-AF23FB65D346}.Debug|Any CPU.ActiveCfg = Debug|Any CPU
		{404E53FD-B919-460B-9A8E-AF23FB65D346}.Debug|Any CPU.Build.0 = Debug|Any CPU
		{404E53FD-B919-460B-9A8E-AF23FB65D346}.Release|Any CPU.ActiveCfg = Release|Any CPU
		{404E53FD-B919-460B-9A8E-AF23FB65D346}.Release|Any CPU.Build.0 = Release|Any CPU
		{21584955-E792-408A-8485-61066B14EF8E}.Debug|Any CPU.ActiveCfg = Debug|Any CPU
		{21584955-E792-408A-8485-61066B14EF8E}.Debug|Any CPU.Build.0 = Debug|Any CPU
		{21584955-E792-408A-8485-61066B14EF8E}.Release|Any CPU.ActiveCfg = Release|Any CPU
		{21584955-E792-408A-8485-61066B14EF8E}.Release|Any CPU.Build.0 = Release|Any CPU
		{6E65CCA4-0D0A-4431-9D8F-603819D6F552}.Debug|Any CPU.ActiveCfg = Debug|Any CPU
		{6E65CCA4-0D0A-4431-9D8F-603819D6F552}.Debug|Any CPU.Build.0 = Debug|Any CPU
		{6E65CCA4-0D0A-4431-9D8F-603819D6F552}.Release|Any CPU.ActiveCfg = Release|Any CPU
		{6E65CCA4-0D0A-4431-9D8F-603819D6F552}.Release|Any CPU.Build.0 = Release|Any CPU
		{41883974-0BA7-41EF-866D-F37EC7A3C2CC}.Debug|Any CPU.ActiveCfg = Debug|Any CPU
		{41883974-0BA7-41EF-866D-F37EC7A3C2CC}.Debug|Any CPU.Build.0 = Debug|Any CPU
		{41883974-0BA7-41EF-866D-F37EC7A3C2CC}.Release|Any CPU.ActiveCfg = Release|Any CPU
		{41883974-0BA7-41EF-866D-F37EC7A3C2CC}.Release|Any CPU.Build.0 = Release|Any CPU
		{A88A70CF-E761-48BE-B6FB-C528014D54E4}.Debug|Any CPU.ActiveCfg = Debug|Any CPU
		{A88A70CF-E761-48BE-B6FB-C528014D54E4}.Debug|Any CPU.Build.0 = Debug|Any CPU
		{A88A70CF-E761-48BE-B6FB-C528014D54E4}.Release|Any CPU.ActiveCfg = Release|Any CPU
		{A88A70CF-E761-48BE-B6FB-C528014D54E4}.Release|Any CPU.Build.0 = Release|Any CPU
		{CD2D91B0-717C-4A93-AC96-F3AE0CC95FCE}.Debug|Any CPU.ActiveCfg = Debug|Any CPU
		{CD2D91B0-717C-4A93-AC96-F3AE0CC95FCE}.Debug|Any CPU.Build.0 = Debug|Any CPU
		{CD2D91B0-717C-4A93-AC96-F3AE0CC95FCE}.Release|Any CPU.ActiveCfg = Release|Any CPU
		{CD2D91B0-717C-4A93-AC96-F3AE0CC95FCE}.Release|Any CPU.Build.0 = Release|Any CPU
		{14F60E86-7095-47EB-B05D-BD416E2C4ED5}.Debug|Any CPU.ActiveCfg = Debug|Any CPU
		{14F60E86-7095-47EB-B05D-BD416E2C4ED5}.Debug|Any CPU.Build.0 = Debug|Any CPU
		{14F60E86-7095-47EB-B05D-BD416E2C4ED5}.Release|Any CPU.ActiveCfg = Release|Any CPU
		{14F60E86-7095-47EB-B05D-BD416E2C4ED5}.Release|Any CPU.Build.0 = Release|Any CPU
		{80FAE570-851A-4D18-A845-E52EB9A366FF}.Debug|Any CPU.ActiveCfg = Debug|Any CPU
		{80FAE570-851A-4D18-A845-E52EB9A366FF}.Debug|Any CPU.Build.0 = Debug|Any CPU
		{80FAE570-851A-4D18-A845-E52EB9A366FF}.Release|Any CPU.ActiveCfg = Release|Any CPU
		{80FAE570-851A-4D18-A845-E52EB9A366FF}.Release|Any CPU.Build.0 = Release|Any CPU
		{0A4E939C-8381-4279-82FF-3735DEFE5772}.Debug|Any CPU.ActiveCfg = Debug|Any CPU
		{0A4E939C-8381-4279-82FF-3735DEFE5772}.Debug|Any CPU.Build.0 = Debug|Any CPU
		{0A4E939C-8381-4279-82FF-3735DEFE5772}.Release|Any CPU.ActiveCfg = Release|Any CPU
		{0A4E939C-8381-4279-82FF-3735DEFE5772}.Release|Any CPU.Build.0 = Release|Any CPU
		{746D2949-9FF9-4C23-A34E-F59E491CAE01}.Debug|Any CPU.ActiveCfg = Debug|Any CPU
		{746D2949-9FF9-4C23-A34E-F59E491CAE01}.Debug|Any CPU.Build.0 = Debug|Any CPU
		{746D2949-9FF9-4C23-A34E-F59E491CAE01}.Release|Any CPU.ActiveCfg = Release|Any CPU
		{746D2949-9FF9-4C23-A34E-F59E491CAE01}.Release|Any CPU.Build.0 = Release|Any CPU
		{7C7E5971-33C0-4EF7-BEE8-2CAA0DF7D0F9}.Debug|Any CPU.ActiveCfg = Debug|Any CPU
		{7C7E5971-33C0-4EF7-BEE8-2CAA0DF7D0F9}.Debug|Any CPU.Build.0 = Debug|Any CPU
		{7C7E5971-33C0-4EF7-BEE8-2CAA0DF7D0F9}.Release|Any CPU.ActiveCfg = Release|Any CPU
		{7C7E5971-33C0-4EF7-BEE8-2CAA0DF7D0F9}.Release|Any CPU.Build.0 = Release|Any CPU
		{157E1B93-CCB9-497F-B4FB-166456476CA3}.Debug|Any CPU.ActiveCfg = Debug|Any CPU
		{157E1B93-CCB9-497F-B4FB-166456476CA3}.Debug|Any CPU.Build.0 = Debug|Any CPU
		{157E1B93-CCB9-497F-B4FB-166456476CA3}.Release|Any CPU.ActiveCfg = Release|Any CPU
		{157E1B93-CCB9-497F-B4FB-166456476CA3}.Release|Any CPU.Build.0 = Release|Any CPU
		{DC1DE634-00B1-49EF-8F91-E0A15C812DA0}.Debug|Any CPU.ActiveCfg = Debug|Any CPU
		{DC1DE634-00B1-49EF-8F91-E0A15C812DA0}.Debug|Any CPU.Build.0 = Debug|Any CPU
		{DC1DE634-00B1-49EF-8F91-E0A15C812DA0}.Release|Any CPU.ActiveCfg = Release|Any CPU
		{DC1DE634-00B1-49EF-8F91-E0A15C812DA0}.Release|Any CPU.Build.0 = Release|Any CPU
		{ED826943-8A96-48C4-8341-03D0C00D087B}.Debug|Any CPU.ActiveCfg = Debug|Any CPU
		{ED826943-8A96-48C4-8341-03D0C00D087B}.Debug|Any CPU.Build.0 = Debug|Any CPU
		{ED826943-8A96-48C4-8341-03D0C00D087B}.Release|Any CPU.ActiveCfg = Release|Any CPU
		{ED826943-8A96-48C4-8341-03D0C00D087B}.Release|Any CPU.Build.0 = Release|Any CPU
		{760F9228-5E38-4DBC-B54E-E90D66692AA1}.Debug|Any CPU.ActiveCfg = Debug|Any CPU
		{760F9228-5E38-4DBC-B54E-E90D66692AA1}.Debug|Any CPU.Build.0 = Debug|Any CPU
		{760F9228-5E38-4DBC-B54E-E90D66692AA1}.Release|Any CPU.ActiveCfg = Release|Any CPU
		{760F9228-5E38-4DBC-B54E-E90D66692AA1}.Release|Any CPU.Build.0 = Release|Any CPU
	EndGlobalSection
	GlobalSection(SolutionProperties) = preSolution
		HideSolutionNode = FALSE
	EndGlobalSection
	GlobalSection(ExtensibilityGlobals) = postSolution
		SolutionGuid = {4684CC2D-BD9F-4EA4-8C0A-14373AD26F5D}
	EndGlobalSection
EndGlobal
