
Microsoft Visual Studio Solution File, Format Version 12.00
# Visual Studio Version 17
VisualStudioVersion = 17.2.32630.192
MinimumVisualStudioVersion = 10.0.40219.1
Project("{9A19103F-16F7-4668-BE54-9A1E7A4F7556}") = "R5T.F0089.Construction", "R5T.F0089.Construction\R5T.F0089.Construction.csproj", "{B74E0B92-033C-407A-9A91-A0F7344EA403}"
EndProject
Project("{9A19103F-16F7-4668-BE54-9A1E7A4F7556}") = "R5T.F0089", "R5T.F0089\R5T.F0089.csproj", "{7F633373-ECBA-49FF-A18C-F14C0127D4EB}"
EndProject
Project("{2150E333-8FDC-42A3-9474-1A3956D46DE8}") = "_Dependencies", "_Dependencies", "{97C49A3B-314B-44A9-AB36-D632012C39F1}"
EndProject
Project("{9A19103F-16F7-4668-BE54-9A1E7A4F7556}") = "R5T.T0153", "..\..\R5T.T0153\source\R5T.T0153\R5T.T0153.csproj", "{C6C37C96-89E9-4C06-9A03-6F1004E64058}"
EndProject
Project("{9A19103F-16F7-4668-BE54-9A1E7A4F7556}") = "R5T.Z0023", "..\..\R5T.Z0023\source\R5T.Z0023\R5T.Z0023.csproj", "{39AB145C-E850-4183-AE6C-0269B301908E}"
EndProject
Project("{9A19103F-16F7-4668-BE54-9A1E7A4F7556}") = "R5T.F0032", "..\..\R5T.F0032\source\R5T.F0032\R5T.F0032.csproj", "{F6ED39AE-8717-4264-AD85-964EDBC43779}"
EndProject
Project("{9A19103F-16F7-4668-BE54-9A1E7A4F7556}") = "R5T.F0000", "..\..\R5T.F0000\source\R5T.F0000\R5T.F0000.csproj", "{005C4481-2867-4FBB-84C9-2F40440AE160}"
EndProject
Project("{9A19103F-16F7-4668-BE54-9A1E7A4F7556}") = "R5T.F0002", "..\..\R5T.F0002\source\R5T.F0002\R5T.F0002.csproj", "{46515136-9056-4EE3-975D-5EC14F428E64}"
EndProject
Project("{9A19103F-16F7-4668-BE54-9A1E7A4F7556}") = "R5T.NG0008", "..\..\R5T.NG0008\source\R5T.NG0008\R5T.NG0008.csproj", "{B75F04B0-C440-4E03-8CF5-C7EC87E421AB}"
EndProject
Project("{9A19103F-16F7-4668-BE54-9A1E7A4F7556}") = "R5T.T0131", "..\..\R5T.T0131\source\R5T.T0131\R5T.T0131.csproj", "{40669421-7B52-461D-B630-AE7D94B90811}"
EndProject
Project("{9A19103F-16F7-4668-BE54-9A1E7A4F7556}") = "R5T.T0132", "..\..\R5T.T0132\source\R5T.T0132\R5T.T0132.csproj", "{08D4914A-880D-477C-8C50-8022BE63D525}"
EndProject
Project("{9A19103F-16F7-4668-BE54-9A1E7A4F7556}") = "R5T.T0142", "..\..\R5T.T0142\source\R5T.T0142\R5T.T0142.csproj", "{5DB79B6F-6949-4957-8443-F725DB8EC06B}"
EndProject
Project("{9A19103F-16F7-4668-BE54-9A1E7A4F7556}") = "R5T.T0143", "..\..\R5T.T0143\source\R5T.T0143\R5T.T0143.csproj", "{2D7052A8-F730-4CA5-9F72-CEFDF9703DF2}"
EndProject
Project("{9A19103F-16F7-4668-BE54-9A1E7A4F7556}") = "R5T.Y0000", "..\..\R5T.Y0000\source\R5T.Y0000\R5T.Y0000.csproj", "{9659EF14-3C80-468F-9889-8A4EA426A46E}"
EndProject
Project("{9A19103F-16F7-4668-BE54-9A1E7A4F7556}") = "R5T.Z0000", "..\..\R5T.Z0000\source\R5T.Z0000\R5T.Z0000.csproj", "{121836F2-9681-4291-894D-752807303196}"
EndProject
Project("{9A19103F-16F7-4668-BE54-9A1E7A4F7556}") = "R5T.F0046", "..\..\R5T.F0046\source\R5T.F0046\R5T.F0046.csproj", "{FC65F8E1-873F-48A2-8F07-CB09AA12E2E9}"
EndProject
Project("{9A19103F-16F7-4668-BE54-9A1E7A4F7556}") = "R5T.F0044", "..\..\R5T.F0044\source\R5T.F0044\R5T.F0044.csproj", "{5D3DE873-0C4D-440D-9178-720D7E9A9E07}"
EndProject
Project("{9A19103F-16F7-4668-BE54-9A1E7A4F7556}") = "R5T.Z0015", "..\..\R5T.Z0015\source\R5T.Z0015\R5T.Z0015.csproj", "{B10BCDCA-DC3C-4A18-AEAB-F0F831BD6DA8}"
EndProject
Project("{9A19103F-16F7-4668-BE54-9A1E7A4F7556}") = "R5T.F0033", "..\..\R5T.F0033\source\R5T.F0033\R5T.F0033.csproj", "{3F47E3B6-251F-4BEF-A5D0-00E4CCA4398F}"
EndProject
Project("{9A19103F-16F7-4668-BE54-9A1E7A4F7556}") = "R5T.F0047", "..\..\R5T.F0047\source\R5T.F0047\R5T.F0047.csproj", "{9FC9AF86-B60B-4C9C-8783-859D920B95A6}"
EndProject
Project("{9A19103F-16F7-4668-BE54-9A1E7A4F7556}") = "R5T.T0153.Z001", "..\..\R5T.T0153\source\R5T.T0153.Z001\R5T.T0153.Z001.csproj", "{D5EF72EE-B5F4-40F6-9058-0FE1B510793A}"
EndProject
Project("{9A19103F-16F7-4668-BE54-9A1E7A4F7556}") = "R5T.Z0013", "..\..\R5T.Z0013\source\R5T.Z0013\R5T.Z0013.csproj", "{D352AFE9-92FA-43B1-A79E-8DCD964A8BA9}"
EndProject
Project("{9A19103F-16F7-4668-BE54-9A1E7A4F7556}") = "R5T.F0048", "..\..\R5T.F0048\source\R5T.F0048\R5T.F0048.csproj", "{69E698E7-9225-4138-8324-B88A98FFB97B}"
EndProject
Project("{9A19103F-16F7-4668-BE54-9A1E7A4F7556}") = "R5T.F0050", "..\..\R5T.F0050\source\R5T.F0050\R5T.F0050.csproj", "{E38EEDD3-699A-4FB2-A0DA-A23B8C1245D0}"
EndProject
Project("{9A19103F-16F7-4668-BE54-9A1E7A4F7556}") = "R5T.F0057", "..\..\R5T.F0057\source\R5T.F0057\R5T.F0057.csproj", "{5AA49664-E158-465E-8725-F1A88FB75179}"
EndProject
Project("{9A19103F-16F7-4668-BE54-9A1E7A4F7556}") = "R5T.F0055", "..\..\R5T.F0055\source\R5T.F0055\R5T.F0055.csproj", "{63946907-38DE-493A-AFD7-D2C09E842567}"
EndProject
Project("{9A19103F-16F7-4668-BE54-9A1E7A4F7556}") = "R5T.F0040.F000", "..\..\R5T.F0040\source\R5T.F0040.F000\R5T.F0040.F000.csproj", "{396F49E7-15FE-4C0F-B7FA-A3D106ECA87D}"
EndProject
Project("{9A19103F-16F7-4668-BE54-9A1E7A4F7556}") = "R5T.F0052", "..\..\R5T.F0052\source\R5T.F0052\R5T.F0052.csproj", "{A2207A82-1192-43F4-897A-368E4051118C}"
EndProject
Global
	GlobalSection(SolutionConfigurationPlatforms) = preSolution
		Debug|Any CPU = Debug|Any CPU
		Release|Any CPU = Release|Any CPU
	EndGlobalSection
	GlobalSection(ProjectConfigurationPlatforms) = postSolution
		{B74E0B92-033C-407A-9A91-A0F7344EA403}.Debug|Any CPU.ActiveCfg = Debug|Any CPU
		{B74E0B92-033C-407A-9A91-A0F7344EA403}.Debug|Any CPU.Build.0 = Debug|Any CPU
		{B74E0B92-033C-407A-9A91-A0F7344EA403}.Release|Any CPU.ActiveCfg = Release|Any CPU
		{B74E0B92-033C-407A-9A91-A0F7344EA403}.Release|Any CPU.Build.0 = Release|Any CPU
		{7F633373-ECBA-49FF-A18C-F14C0127D4EB}.Debug|Any CPU.ActiveCfg = Debug|Any CPU
		{7F633373-ECBA-49FF-A18C-F14C0127D4EB}.Debug|Any CPU.Build.0 = Debug|Any CPU
		{7F633373-ECBA-49FF-A18C-F14C0127D4EB}.Release|Any CPU.ActiveCfg = Release|Any CPU
		{7F633373-ECBA-49FF-A18C-F14C0127D4EB}.Release|Any CPU.Build.0 = Release|Any CPU
		{C6C37C96-89E9-4C06-9A03-6F1004E64058}.Debug|Any CPU.ActiveCfg = Debug|Any CPU
		{C6C37C96-89E9-4C06-9A03-6F1004E64058}.Debug|Any CPU.Build.0 = Debug|Any CPU
		{C6C37C96-89E9-4C06-9A03-6F1004E64058}.Release|Any CPU.ActiveCfg = Release|Any CPU
		{C6C37C96-89E9-4C06-9A03-6F1004E64058}.Release|Any CPU.Build.0 = Release|Any CPU
		{39AB145C-E850-4183-AE6C-0269B301908E}.Debug|Any CPU.ActiveCfg = Debug|Any CPU
		{39AB145C-E850-4183-AE6C-0269B301908E}.Debug|Any CPU.Build.0 = Debug|Any CPU
		{39AB145C-E850-4183-AE6C-0269B301908E}.Release|Any CPU.ActiveCfg = Release|Any CPU
		{39AB145C-E850-4183-AE6C-0269B301908E}.Release|Any CPU.Build.0 = Release|Any CPU
		{F6ED39AE-8717-4264-AD85-964EDBC43779}.Debug|Any CPU.ActiveCfg = Debug|Any CPU
		{F6ED39AE-8717-4264-AD85-964EDBC43779}.Debug|Any CPU.Build.0 = Debug|Any CPU
		{F6ED39AE-8717-4264-AD85-964EDBC43779}.Release|Any CPU.ActiveCfg = Release|Any CPU
		{F6ED39AE-8717-4264-AD85-964EDBC43779}.Release|Any CPU.Build.0 = Release|Any CPU
		{005C4481-2867-4FBB-84C9-2F40440AE160}.Debug|Any CPU.ActiveCfg = Debug|Any CPU
		{005C4481-2867-4FBB-84C9-2F40440AE160}.Debug|Any CPU.Build.0 = Debug|Any CPU
		{005C4481-2867-4FBB-84C9-2F40440AE160}.Release|Any CPU.ActiveCfg = Release|Any CPU
		{005C4481-2867-4FBB-84C9-2F40440AE160}.Release|Any CPU.Build.0 = Release|Any CPU
		{46515136-9056-4EE3-975D-5EC14F428E64}.Debug|Any CPU.ActiveCfg = Debug|Any CPU
		{46515136-9056-4EE3-975D-5EC14F428E64}.Debug|Any CPU.Build.0 = Debug|Any CPU
		{46515136-9056-4EE3-975D-5EC14F428E64}.Release|Any CPU.ActiveCfg = Release|Any CPU
		{46515136-9056-4EE3-975D-5EC14F428E64}.Release|Any CPU.Build.0 = Release|Any CPU
		{B75F04B0-C440-4E03-8CF5-C7EC87E421AB}.Debug|Any CPU.ActiveCfg = Debug|Any CPU
		{B75F04B0-C440-4E03-8CF5-C7EC87E421AB}.Debug|Any CPU.Build.0 = Debug|Any CPU
		{B75F04B0-C440-4E03-8CF5-C7EC87E421AB}.Release|Any CPU.ActiveCfg = Release|Any CPU
		{B75F04B0-C440-4E03-8CF5-C7EC87E421AB}.Release|Any CPU.Build.0 = Release|Any CPU
		{40669421-7B52-461D-B630-AE7D94B90811}.Debug|Any CPU.ActiveCfg = Debug|Any CPU
		{40669421-7B52-461D-B630-AE7D94B90811}.Debug|Any CPU.Build.0 = Debug|Any CPU
		{40669421-7B52-461D-B630-AE7D94B90811}.Release|Any CPU.ActiveCfg = Release|Any CPU
		{40669421-7B52-461D-B630-AE7D94B90811}.Release|Any CPU.Build.0 = Release|Any CPU
		{08D4914A-880D-477C-8C50-8022BE63D525}.Debug|Any CPU.ActiveCfg = Debug|Any CPU
		{08D4914A-880D-477C-8C50-8022BE63D525}.Debug|Any CPU.Build.0 = Debug|Any CPU
		{08D4914A-880D-477C-8C50-8022BE63D525}.Release|Any CPU.ActiveCfg = Release|Any CPU
		{08D4914A-880D-477C-8C50-8022BE63D525}.Release|Any CPU.Build.0 = Release|Any CPU
		{5DB79B6F-6949-4957-8443-F725DB8EC06B}.Debug|Any CPU.ActiveCfg = Debug|Any CPU
		{5DB79B6F-6949-4957-8443-F725DB8EC06B}.Debug|Any CPU.Build.0 = Debug|Any CPU
		{5DB79B6F-6949-4957-8443-F725DB8EC06B}.Release|Any CPU.ActiveCfg = Release|Any CPU
		{5DB79B6F-6949-4957-8443-F725DB8EC06B}.Release|Any CPU.Build.0 = Release|Any CPU
		{2D7052A8-F730-4CA5-9F72-CEFDF9703DF2}.Debug|Any CPU.ActiveCfg = Debug|Any CPU
		{2D7052A8-F730-4CA5-9F72-CEFDF9703DF2}.Debug|Any CPU.Build.0 = Debug|Any CPU
		{2D7052A8-F730-4CA5-9F72-CEFDF9703DF2}.Release|Any CPU.ActiveCfg = Release|Any CPU
		{2D7052A8-F730-4CA5-9F72-CEFDF9703DF2}.Release|Any CPU.Build.0 = Release|Any CPU
		{9659EF14-3C80-468F-9889-8A4EA426A46E}.Debug|Any CPU.ActiveCfg = Debug|Any CPU
		{9659EF14-3C80-468F-9889-8A4EA426A46E}.Debug|Any CPU.Build.0 = Debug|Any CPU
		{9659EF14-3C80-468F-9889-8A4EA426A46E}.Release|Any CPU.ActiveCfg = Release|Any CPU
		{9659EF14-3C80-468F-9889-8A4EA426A46E}.Release|Any CPU.Build.0 = Release|Any CPU
		{121836F2-9681-4291-894D-752807303196}.Debug|Any CPU.ActiveCfg = Debug|Any CPU
		{121836F2-9681-4291-894D-752807303196}.Debug|Any CPU.Build.0 = Debug|Any CPU
		{121836F2-9681-4291-894D-752807303196}.Release|Any CPU.ActiveCfg = Release|Any CPU
		{121836F2-9681-4291-894D-752807303196}.Release|Any CPU.Build.0 = Release|Any CPU
		{FC65F8E1-873F-48A2-8F07-CB09AA12E2E9}.Debug|Any CPU.ActiveCfg = Debug|Any CPU
		{FC65F8E1-873F-48A2-8F07-CB09AA12E2E9}.Debug|Any CPU.Build.0 = Debug|Any CPU
		{FC65F8E1-873F-48A2-8F07-CB09AA12E2E9}.Release|Any CPU.ActiveCfg = Release|Any CPU
		{FC65F8E1-873F-48A2-8F07-CB09AA12E2E9}.Release|Any CPU.Build.0 = Release|Any CPU
		{5D3DE873-0C4D-440D-9178-720D7E9A9E07}.Debug|Any CPU.ActiveCfg = Debug|Any CPU
		{5D3DE873-0C4D-440D-9178-720D7E9A9E07}.Debug|Any CPU.Build.0 = Debug|Any CPU
		{5D3DE873-0C4D-440D-9178-720D7E9A9E07}.Release|Any CPU.ActiveCfg = Release|Any CPU
		{5D3DE873-0C4D-440D-9178-720D7E9A9E07}.Release|Any CPU.Build.0 = Release|Any CPU
		{B10BCDCA-DC3C-4A18-AEAB-F0F831BD6DA8}.Debug|Any CPU.ActiveCfg = Debug|Any CPU
		{B10BCDCA-DC3C-4A18-AEAB-F0F831BD6DA8}.Debug|Any CPU.Build.0 = Debug|Any CPU
		{B10BCDCA-DC3C-4A18-AEAB-F0F831BD6DA8}.Release|Any CPU.ActiveCfg = Release|Any CPU
		{B10BCDCA-DC3C-4A18-AEAB-F0F831BD6DA8}.Release|Any CPU.Build.0 = Release|Any CPU
		{3F47E3B6-251F-4BEF-A5D0-00E4CCA4398F}.Debug|Any CPU.ActiveCfg = Debug|Any CPU
		{3F47E3B6-251F-4BEF-A5D0-00E4CCA4398F}.Debug|Any CPU.Build.0 = Debug|Any CPU
		{3F47E3B6-251F-4BEF-A5D0-00E4CCA4398F}.Release|Any CPU.ActiveCfg = Release|Any CPU
		{3F47E3B6-251F-4BEF-A5D0-00E4CCA4398F}.Release|Any CPU.Build.0 = Release|Any CPU
		{9FC9AF86-B60B-4C9C-8783-859D920B95A6}.Debug|Any CPU.ActiveCfg = Debug|Any CPU
		{9FC9AF86-B60B-4C9C-8783-859D920B95A6}.Debug|Any CPU.Build.0 = Debug|Any CPU
		{9FC9AF86-B60B-4C9C-8783-859D920B95A6}.Release|Any CPU.ActiveCfg = Release|Any CPU
		{9FC9AF86-B60B-4C9C-8783-859D920B95A6}.Release|Any CPU.Build.0 = Release|Any CPU
		{D5EF72EE-B5F4-40F6-9058-0FE1B510793A}.Debug|Any CPU.ActiveCfg = Debug|Any CPU
		{D5EF72EE-B5F4-40F6-9058-0FE1B510793A}.Debug|Any CPU.Build.0 = Debug|Any CPU
		{D5EF72EE-B5F4-40F6-9058-0FE1B510793A}.Release|Any CPU.ActiveCfg = Release|Any CPU
		{D5EF72EE-B5F4-40F6-9058-0FE1B510793A}.Release|Any CPU.Build.0 = Release|Any CPU
		{D352AFE9-92FA-43B1-A79E-8DCD964A8BA9}.Debug|Any CPU.ActiveCfg = Debug|Any CPU
		{D352AFE9-92FA-43B1-A79E-8DCD964A8BA9}.Debug|Any CPU.Build.0 = Debug|Any CPU
		{D352AFE9-92FA-43B1-A79E-8DCD964A8BA9}.Release|Any CPU.ActiveCfg = Release|Any CPU
		{D352AFE9-92FA-43B1-A79E-8DCD964A8BA9}.Release|Any CPU.Build.0 = Release|Any CPU
		{69E698E7-9225-4138-8324-B88A98FFB97B}.Debug|Any CPU.ActiveCfg = Debug|Any CPU
		{69E698E7-9225-4138-8324-B88A98FFB97B}.Debug|Any CPU.Build.0 = Debug|Any CPU
		{69E698E7-9225-4138-8324-B88A98FFB97B}.Release|Any CPU.ActiveCfg = Release|Any CPU
		{69E698E7-9225-4138-8324-B88A98FFB97B}.Release|Any CPU.Build.0 = Release|Any CPU
		{E38EEDD3-699A-4FB2-A0DA-A23B8C1245D0}.Debug|Any CPU.ActiveCfg = Debug|Any CPU
		{E38EEDD3-699A-4FB2-A0DA-A23B8C1245D0}.Debug|Any CPU.Build.0 = Debug|Any CPU
		{E38EEDD3-699A-4FB2-A0DA-A23B8C1245D0}.Release|Any CPU.ActiveCfg = Release|Any CPU
		{E38EEDD3-699A-4FB2-A0DA-A23B8C1245D0}.Release|Any CPU.Build.0 = Release|Any CPU
		{5AA49664-E158-465E-8725-F1A88FB75179}.Debug|Any CPU.ActiveCfg = Debug|Any CPU
		{5AA49664-E158-465E-8725-F1A88FB75179}.Debug|Any CPU.Build.0 = Debug|Any CPU
		{5AA49664-E158-465E-8725-F1A88FB75179}.Release|Any CPU.ActiveCfg = Release|Any CPU
		{5AA49664-E158-465E-8725-F1A88FB75179}.Release|Any CPU.Build.0 = Release|Any CPU
		{63946907-38DE-493A-AFD7-D2C09E842567}.Debug|Any CPU.ActiveCfg = Debug|Any CPU
		{63946907-38DE-493A-AFD7-D2C09E842567}.Debug|Any CPU.Build.0 = Debug|Any CPU
		{63946907-38DE-493A-AFD7-D2C09E842567}.Release|Any CPU.ActiveCfg = Release|Any CPU
		{63946907-38DE-493A-AFD7-D2C09E842567}.Release|Any CPU.Build.0 = Release|Any CPU
		{396F49E7-15FE-4C0F-B7FA-A3D106ECA87D}.Debug|Any CPU.ActiveCfg = Debug|Any CPU
		{396F49E7-15FE-4C0F-B7FA-A3D106ECA87D}.Debug|Any CPU.Build.0 = Debug|Any CPU
		{396F49E7-15FE-4C0F-B7FA-A3D106ECA87D}.Release|Any CPU.ActiveCfg = Release|Any CPU
		{396F49E7-15FE-4C0F-B7FA-A3D106ECA87D}.Release|Any CPU.Build.0 = Release|Any CPU
		{A2207A82-1192-43F4-897A-368E4051118C}.Debug|Any CPU.ActiveCfg = Debug|Any CPU
		{A2207A82-1192-43F4-897A-368E4051118C}.Debug|Any CPU.Build.0 = Debug|Any CPU
		{A2207A82-1192-43F4-897A-368E4051118C}.Release|Any CPU.ActiveCfg = Release|Any CPU
		{A2207A82-1192-43F4-897A-368E4051118C}.Release|Any CPU.Build.0 = Release|Any CPU
	EndGlobalSection
	GlobalSection(SolutionProperties) = preSolution
		HideSolutionNode = FALSE
	EndGlobalSection
	GlobalSection(NestedProjects) = preSolution
		{C6C37C96-89E9-4C06-9A03-6F1004E64058} = {97C49A3B-314B-44A9-AB36-D632012C39F1}
		{39AB145C-E850-4183-AE6C-0269B301908E} = {97C49A3B-314B-44A9-AB36-D632012C39F1}
		{F6ED39AE-8717-4264-AD85-964EDBC43779} = {97C49A3B-314B-44A9-AB36-D632012C39F1}
		{005C4481-2867-4FBB-84C9-2F40440AE160} = {97C49A3B-314B-44A9-AB36-D632012C39F1}
		{46515136-9056-4EE3-975D-5EC14F428E64} = {97C49A3B-314B-44A9-AB36-D632012C39F1}
		{B75F04B0-C440-4E03-8CF5-C7EC87E421AB} = {97C49A3B-314B-44A9-AB36-D632012C39F1}
		{40669421-7B52-461D-B630-AE7D94B90811} = {97C49A3B-314B-44A9-AB36-D632012C39F1}
		{08D4914A-880D-477C-8C50-8022BE63D525} = {97C49A3B-314B-44A9-AB36-D632012C39F1}
		{5DB79B6F-6949-4957-8443-F725DB8EC06B} = {97C49A3B-314B-44A9-AB36-D632012C39F1}
		{2D7052A8-F730-4CA5-9F72-CEFDF9703DF2} = {97C49A3B-314B-44A9-AB36-D632012C39F1}
		{9659EF14-3C80-468F-9889-8A4EA426A46E} = {97C49A3B-314B-44A9-AB36-D632012C39F1}
		{121836F2-9681-4291-894D-752807303196} = {97C49A3B-314B-44A9-AB36-D632012C39F1}
		{FC65F8E1-873F-48A2-8F07-CB09AA12E2E9} = {97C49A3B-314B-44A9-AB36-D632012C39F1}
		{5D3DE873-0C4D-440D-9178-720D7E9A9E07} = {97C49A3B-314B-44A9-AB36-D632012C39F1}
		{B10BCDCA-DC3C-4A18-AEAB-F0F831BD6DA8} = {97C49A3B-314B-44A9-AB36-D632012C39F1}
		{3F47E3B6-251F-4BEF-A5D0-00E4CCA4398F} = {97C49A3B-314B-44A9-AB36-D632012C39F1}
		{9FC9AF86-B60B-4C9C-8783-859D920B95A6} = {97C49A3B-314B-44A9-AB36-D632012C39F1}
		{D5EF72EE-B5F4-40F6-9058-0FE1B510793A} = {97C49A3B-314B-44A9-AB36-D632012C39F1}
		{D352AFE9-92FA-43B1-A79E-8DCD964A8BA9} = {97C49A3B-314B-44A9-AB36-D632012C39F1}
		{69E698E7-9225-4138-8324-B88A98FFB97B} = {97C49A3B-314B-44A9-AB36-D632012C39F1}
		{E38EEDD3-699A-4FB2-A0DA-A23B8C1245D0} = {97C49A3B-314B-44A9-AB36-D632012C39F1}
		{5AA49664-E158-465E-8725-F1A88FB75179} = {97C49A3B-314B-44A9-AB36-D632012C39F1}
		{63946907-38DE-493A-AFD7-D2C09E842567} = {97C49A3B-314B-44A9-AB36-D632012C39F1}
		{396F49E7-15FE-4C0F-B7FA-A3D106ECA87D} = {97C49A3B-314B-44A9-AB36-D632012C39F1}
		{A2207A82-1192-43F4-897A-368E4051118C} = {97C49A3B-314B-44A9-AB36-D632012C39F1}
	EndGlobalSection
	GlobalSection(ExtensibilityGlobals) = postSolution
		SolutionGuid = {7DA1F198-ACD0-4061-B286-6B8EA526184D}
	EndGlobalSection
EndGlobal
